
Microsoft Visual Studio Solution File, Format Version 12.00
# Visual Studio Version 17
VisualStudioVersion = 17.9.34310.174
MinimumVisualStudioVersion = 10.0.40219.1
Project("{9A19103F-16F7-4668-BE54-9A1E7A4F7556}") = "HttpClientPlus", "HttpClientPlus\HttpClientPlus.csproj", "{2FF6CD55-A1D9-4A1A-9140-70CE1103BD69}"
EndProject
Project("{9A19103F-16F7-4668-BE54-9A1E7A4F7556}") = "ConsoleApp_Examples", "ConsoleApp_Examples\ConsoleApp_Examples.csproj", "{C3DB2DF5-8535-4EC2-82C4-B34DCD37DE37}"
EndProject
Global
	GlobalSection(SolutionConfigurationPlatforms) = preSolution
		Debug|Any CPU = Debug|Any CPU
		Release|Any CPU = Release|Any CPU
	EndGlobalSection
	GlobalSection(ProjectConfigurationPlatforms) = postSolution
		{2FF6CD55-A1D9-4A1A-9140-70CE1103BD69}.Debug|Any CPU.ActiveCfg = Debug|Any CPU
		{2FF6CD55-A1D9-4A1A-9140-70CE1103BD69}.Debug|Any CPU.Build.0 = Debug|Any CPU
		{2FF6CD55-A1D9-4A1A-9140-70CE1103BD69}.Release|Any CPU.ActiveCfg = Release|Any CPU
		{2FF6CD55-A1D9-4A1A-9140-70CE1103BD69}.Release|Any CPU.Build.0 = Release|Any CPU
		{C3DB2DF5-8535-4EC2-82C4-B34DCD37DE37}.Debug|Any CPU.ActiveCfg = Debug|Any CPU
		{C3DB2DF5-8535-4EC2-82C4-B34DCD37DE37}.Debug|Any CPU.Build.0 = Debug|Any CPU
		{C3DB2DF5-8535-4EC2-82C4-B34DCD37DE37}.Release|Any CPU.ActiveCfg = Release|Any CPU
		{C3DB2DF5-8535-4EC2-82C4-B34DCD37DE37}.Release|Any CPU.Build.0 = Release|Any CPU
	EndGlobalSection
	GlobalSection(SolutionProperties) = preSolution
		HideSolutionNode = FALSE
	EndGlobalSection
	GlobalSection(ExtensibilityGlobals) = postSolution
		SolutionGuid = {CE1E3FB4-220A-4EE7-9DF5-23C6F4A819CC}
	EndGlobalSection
EndGlobal
